# This file was autogenerated by Stack.
# You should not edit this file by hand.
# For more information, please see the documentation at:
#   https://docs.haskellstack.org/en/stable/lock_files

packages:
- completed:
    hackage: earcut-0.1.0.4@sha256:d5118b3eecf24d130263d81fb30f1ff56b1db43036582bfd1d8cc9ba3adae8be,1010
    pantry-tree:
      size: 373
      sha256: 59f031b5504907a8c385a9da120eeaae273b78a05890705a0fbb41b214b7ec43
  original:
    hackage: earcut-0.1.0.4
- completed:
    name: reanimate
    version: 0.3.3.0
    git: git://github.com/Lemmih/reanimate.git
    pantry-tree:
      size: 33000
      sha256: 0a66136551982d9d18992e522c9938492de9e835d1abf159394dd43daf11c4c9
    commit: 444f6bf63feb734e6ab33ed3ec6377675b83ff3e
  original:
    git: git://github.com/Lemmih/reanimate.git
    commit: 444f6bf63feb734e6ab33ed3ec6377675b83ff3e
snapshots:
- completed:
    size: 532379
    url: https://raw.githubusercontent.com/commercialhaskell/stackage-snapshots/master/lts/16/8.yaml
    sha256: 2ad3210d2ad35f3176005d68369a18e4d984517bfaa2caade76f28ed0b2e0521
  original: lts-16.8
