# This file was autogenerated by Stack.
# You should not edit this file by hand.
# For more information, please see the documentation at:
#   https://docs.haskellstack.org/en/stable/lock_files

packages:
- completed:
    hackage: earcut-0.1.0.4@sha256:d5118b3eecf24d130263d81fb30f1ff56b1db43036582bfd1d8cc9ba3adae8be,1010
    pantry-tree:
      size: 373
      sha256: 59f031b5504907a8c385a9da120eeaae273b78a05890705a0fbb41b214b7ec43
  original:
    hackage: earcut-0.1.0.4
- completed:
    hackage: reanimate-svg-0.10.0.0@sha256:1bbe318df56eaeb3fb18ef8148e5fca6c385dd0e18d22de60fbf003d897c4c1d,2508
    pantry-tree:
      size: 1118
      sha256: b749a19ee8f67d9bf5cd2730e545969120b3250bf8049ffaa220b9261d0a636d
  original:
    hackage: reanimate-svg-0.10.0.0
- completed:
    name: reanimate
    version: 0.4.1.0
    git: git://github.com/Lemmih/reanimate.git
    pantry-tree:
      size: 33302
      sha256: 78631f4a5e4cbdf92c9ee81f985cad786a901ac182c9c202a0816239a0fd979d
    commit: 9cf33b9444c5212f47e42497ad6e38d8e5e3b0d8
  original:
    git: git://github.com/Lemmih/reanimate.git
    commit: 9cf33b9444c5212f47e42497ad6e38d8e5e3b0d8
snapshots:
- completed:
    size: 532379
    url: https://raw.githubusercontent.com/commercialhaskell/stackage-snapshots/master/lts/16/8.yaml
    sha256: 2ad3210d2ad35f3176005d68369a18e4d984517bfaa2caade76f28ed0b2e0521
  original: lts-16.8
