# This file was autogenerated by Stack.
# You should not edit this file by hand.
# For more information, please see the documentation at:
#   https://docs.haskellstack.org/en/stable/lock_files

packages:
- completed:
    hackage: earcut-0.1.0.4@sha256:d5118b3eecf24d130263d81fb30f1ff56b1db43036582bfd1d8cc9ba3adae8be,1010
    pantry-tree:
      size: 373
      sha256: 59f031b5504907a8c385a9da120eeaae273b78a05890705a0fbb41b214b7ec43
  original:
    hackage: earcut-0.1.0.4
- completed:
    name: reanimate
    version: 0.3.3.0
    git: git://github.com/Lemmih/reanimate.git
    pantry-tree:
      size: 32939
      sha256: f51c635ce6b921663e191fda698bf08626262408de4c22a9f1638a781a30df3d
    commit: d8ba753b31b503bb79125f9c82dc5340da71a069
  original:
    git: git://github.com/Lemmih/reanimate.git
    commit: d8ba753b31b503bb79125f9c82dc5340da71a069
snapshots:
- completed:
    size: 531701
    url: https://raw.githubusercontent.com/commercialhaskell/stackage-snapshots/master/lts/16/4.yaml
    sha256: d6119cdacc6d6b39c0bb8f6e11e8db6a21e92a38552e0d553414ba346592b53f
  original: lts-16.4
